// !$*UTF8*$!
{
	archiveVersion = 1;
	classes = {
	};
	objectVersion = 55;
	objects = {

/* Begin PBXBuildFile section */
		D122FD852786359800DAEE2F /* Screen Recording 2022-01-05 at 3.14.15 PM (1).gif in Resources */ = {isa = PBXBuildFile; fileRef = D122FD842786359800DAEE2F /* Screen Recording 2022-01-05 at 3.14.15 PM (1).gif */; };
		D122FD872786399500DAEE2F /* readme.md in Resources */ = {isa = PBXBuildFile; fileRef = D122FD862786399500DAEE2F /* readme.md */; };
		D15EDEC9277AF2DA00EC609A /* AppDelegate.swift in Sources */ = {isa = PBXBuildFile; fileRef = D15EDEC8277AF2DA00EC609A /* AppDelegate.swift */; };
		D15EDECB277AF2DA00EC609A /* SceneDelegate.swift in Sources */ = {isa = PBXBuildFile; fileRef = D15EDECA277AF2DA00EC609A /* SceneDelegate.swift */; };
		D15EDECD277AF2DA00EC609A /* ViewController.swift in Sources */ = {isa = PBXBuildFile; fileRef = D15EDECC277AF2DA00EC609A /* ViewController.swift */; };
		D15EDED0277AF2DA00EC609A /* Main.storyboard in Resources */ = {isa = PBXBuildFile; fileRef = D15EDECE277AF2DA00EC609A /* Main.storyboard */; };
		D15EDED2277AF2DD00EC609A /* Assets.xcassets in Resources */ = {isa = PBXBuildFile; fileRef = D15EDED1277AF2DD00EC609A /* Assets.xcassets */; };
		D15EDED5277AF2DD00EC609A /* LaunchScreen.storyboard in Resources */ = {isa = PBXBuildFile; fileRef = D15EDED3277AF2DD00EC609A /* LaunchScreen.storyboard */; };
		D15EDEE0277AF2DD00EC609A /* Tip__CalculatorTests.swift in Sources */ = {isa = PBXBuildFile; fileRef = D15EDEDF277AF2DD00EC609A /* Tip__CalculatorTests.swift */; };
		D15EDEEA277AF2DD00EC609A /* Tip__CalculatorUITests.swift in Sources */ = {isa = PBXBuildFile; fileRef = D15EDEE9277AF2DD00EC609A /* Tip__CalculatorUITests.swift */; };
		D15EDEEC277AF2DD00EC609A /* Tip__CalculatorUITestsLaunchTests.swift in Sources */ = {isa = PBXBuildFile; fileRef = D15EDEEB277AF2DD00EC609A /* Tip__CalculatorUITestsLaunchTests.swift */; };
		D15EDEF9277B03BD00EC609A /* SettingsViewController.swift in Sources */ = {isa = PBXBuildFile; fileRef = D15EDEF8277B03BD00EC609A /* SettingsViewController.swift */; };
/* End PBXBuildFile section */

/* Begin PBXContainerItemProxy section */
		D15EDEDC277AF2DD00EC609A /* PBXContainerItemProxy */ = {
			isa = PBXContainerItemProxy;
			containerPortal = D15EDEBD277AF2DA00EC609A /* Project object */;
			proxyType = 1;
			remoteGlobalIDString = D15EDEC4277AF2DA00EC609A;
			remoteInfo = "Tip  Calculator";
		};
		D15EDEE6277AF2DD00EC609A /* PBXContainerItemProxy */ = {
			isa = PBXContainerItemProxy;
			containerPortal = D15EDEBD277AF2DA00EC609A /* Project object */;
			proxyType = 1;
			remoteGlobalIDString = D15EDEC4277AF2DA00EC609A;
			remoteInfo = "Tip  Calculator";
		};
/* End PBXContainerItemProxy section */

/* Begin PBXFileReference section */
		D122FD842786359800DAEE2F /* Screen Recording 2022-01-05 at 3.14.15 PM (1).gif */ = {isa = PBXFileReference; lastKnownFileType = image.gif; path = "Screen Recording 2022-01-05 at 3.14.15 PM (1).gif"; sourceTree = "<group>"; };
		D122FD862786399500DAEE2F /* readme.md */ = {isa = PBXFileReference; fileEncoding = 4; lastKnownFileType = net.daringfireball.markdown; path = readme.md; sourceTree = "<group>"; };
		D15EDEC5277AF2DA00EC609A /* Tip  Calculator.app */ = {isa = PBXFileReference; explicitFileType = wrapper.application; includeInIndex = 0; path = "Tip  Calculator.app"; sourceTree = BUILT_PRODUCTS_DIR; };
		D15EDEC8277AF2DA00EC609A /* AppDelegate.swift */ = {isa = PBXFileReference; lastKnownFileType = sourcecode.swift; path = AppDelegate.swift; sourceTree = "<group>"; };
		D15EDECA277AF2DA00EC609A /* SceneDelegate.swift */ = {isa = PBXFileReference; lastKnownFileType = sourcecode.swift; path = SceneDelegate.swift; sourceTree = "<group>"; };
		D15EDECC277AF2DA00EC609A /* ViewController.swift */ = {isa = PBXFileReference; lastKnownFileType = sourcecode.swift; path = ViewController.swift; sourceTree = "<group>"; };
		D15EDECF277AF2DA00EC609A /* Base */ = {isa = PBXFileReference; lastKnownFileType = file.storyboard; name = Base; path = Base.lproj/Main.storyboard; sourceTree = "<group>"; };
		D15EDED1277AF2DD00EC609A /* Assets.xcassets */ = {isa = PBXFileReference; lastKnownFileType = folder.assetcatalog; path = Assets.xcassets; sourceTree = "<group>"; };
		D15EDED4277AF2DD00EC609A /* Base */ = {isa = PBXFileReference; lastKnownFileType = file.storyboard; name = Base; path = Base.lproj/LaunchScreen.storyboard; sourceTree = "<group>"; };
		D15EDED6277AF2DD00EC609A /* Info.plist */ = {isa = PBXFileReference; lastKnownFileType = text.plist.xml; path = Info.plist; sourceTree = "<group>"; };
		D15EDEDB277AF2DD00EC609A /* Tip  CalculatorTests.xctest */ = {isa = PBXFileReference; explicitFileType = wrapper.cfbundle; includeInIndex = 0; path = "Tip  CalculatorTests.xctest"; sourceTree = BUILT_PRODUCTS_DIR; };
		D15EDEDF277AF2DD00EC609A /* Tip__CalculatorTests.swift */ = {isa = PBXFileReference; lastKnownFileType = sourcecode.swift; path = Tip__CalculatorTests.swift; sourceTree = "<group>"; };
		D15EDEE5277AF2DD00EC609A /* Tip  CalculatorUITests.xctest */ = {isa = PBXFileReference; explicitFileType = wrapper.cfbundle; includeInIndex = 0; path = "Tip  CalculatorUITests.xctest"; sourceTree = BUILT_PRODUCTS_DIR; };
		D15EDEE9277AF2DD00EC609A /* Tip__CalculatorUITests.swift */ = {isa = PBXFileReference; lastKnownFileType = sourcecode.swift; path = Tip__CalculatorUITests.swift; sourceTree = "<group>"; };
		D15EDEEB277AF2DD00EC609A /* Tip__CalculatorUITestsLaunchTests.swift */ = {isa = PBXFileReference; lastKnownFileType = sourcecode.swift; path = Tip__CalculatorUITestsLaunchTests.swift; sourceTree = "<group>"; };
		D15EDEF8277B03BD00EC609A /* SettingsViewController.swift */ = {isa = PBXFileReference; lastKnownFileType = sourcecode.swift; path = SettingsViewController.swift; sourceTree = "<group>"; };
/* End PBXFileReference section */

/* Begin PBXFrameworksBuildPhase section */
		D15EDEC2277AF2DA00EC609A /* Frameworks */ = {
			isa = PBXFrameworksBuildPhase;
			buildActionMask = 2147483647;
			files = (
			);
			runOnlyForDeploymentPostprocessing = 0;
		};
		D15EDED8277AF2DD00EC609A /* Frameworks */ = {
			isa = PBXFrameworksBuildPhase;
			buildActionMask = 2147483647;
			files = (
			);
			runOnlyForDeploymentPostprocessing = 0;
		};
		D15EDEE2277AF2DD00EC609A /* Frameworks */ = {
			isa = PBXFrameworksBuildPhase;
			buildActionMask = 2147483647;
			files = (
			);
			runOnlyForDeploymentPostprocessing = 0;
		};
/* End PBXFrameworksBuildPhase section */

/* Begin PBXGroup section */
		D15EDEBC277AF2DA00EC609A = {
			isa = PBXGroup;
			children = (
				D122FD842786359800DAEE2F /* Screen Recording 2022-01-05 at 3.14.15 PM (1).gif */,
				D122FD862786399500DAEE2F /* readme.md */,
				D15EDEC7277AF2DA00EC609A /* Tip  Calculator */,
				D15EDEDE277AF2DD00EC609A /* Tip  CalculatorTests */,
				D15EDEE8277AF2DD00EC609A /* Tip  CalculatorUITests */,
				D15EDEC6277AF2DA00EC609A /* Products */,
			);
			sourceTree = "<group>";
		};
		D15EDEC6277AF2DA00EC609A /* Products */ = {
			isa = PBXGroup;
			children = (
				D15EDEC5277AF2DA00EC609A /* Tip  Calculator.app */,
				D15EDEDB277AF2DD00EC609A /* Tip  CalculatorTests.xctest */,
				D15EDEE5277AF2DD00EC609A /* Tip  CalculatorUITests.xctest */,
			);
			name = Products;
			sourceTree = "<group>";
		};
		D15EDEC7277AF2DA00EC609A /* Tip  Calculator */ = {
			isa = PBXGroup;
			children = (
				D15EDEC8277AF2DA00EC609A /* AppDelegate.swift */,
				D15EDECA277AF2DA00EC609A /* SceneDelegate.swift */,
				D15EDECC277AF2DA00EC609A /* ViewController.swift */,
				D15EDECE277AF2DA00EC609A /* Main.storyboard */,
				D15EDEF8277B03BD00EC609A /* SettingsViewController.swift */,
				D15EDED1277AF2DD00EC609A /* Assets.xcassets */,
				D15EDED3277AF2DD00EC609A /* LaunchScreen.storyboard */,
				D15EDED6277AF2DD00EC609A /* Info.plist */,
			);
			path = "Tip  Calculator";
			sourceTree = "<group>";
		};
		D15EDEDE277AF2DD00EC609A /* Tip  CalculatorTests */ = {
			isa = PBXGroup;
			children = (
				D15EDEDF277AF2DD00EC609A /* Tip__CalculatorTests.swift */,
			);
			path = "Tip  CalculatorTests";
			sourceTree = "<group>";
		};
		D15EDEE8277AF2DD00EC609A /* Tip  CalculatorUITests */ = {
			isa = PBXGroup;
			children = (
				D15EDEE9277AF2DD00EC609A /* Tip__CalculatorUITests.swift */,
				D15EDEEB277AF2DD00EC609A /* Tip__CalculatorUITestsLaunchTests.swift */,
			);
			path = "Tip  CalculatorUITests";
			sourceTree = "<group>";
		};
/* End PBXGroup section */

/* Begin PBXNativeTarget section */
		D15EDEC4277AF2DA00EC609A /* Tip  Calculator */ = {
			isa = PBXNativeTarget;
			buildConfigurationList = D15EDEEF277AF2DD00EC609A /* Build configuration list for PBXNativeTarget "Tip  Calculator" */;
			buildPhases = (
				D15EDEC1277AF2DA00EC609A /* Sources */,
				D15EDEC2277AF2DA00EC609A /* Frameworks */,
				D15EDEC3277AF2DA00EC609A /* Resources */,
			);
			buildRules = (
			);
			dependencies = (
			);
			name = "Tip  Calculator";
			productName = "Tip  Calculator";
			productReference = D15EDEC5277AF2DA00EC609A /* Tip  Calculator.app */;
			productType = "com.apple.product-type.application";
		};
		D15EDEDA277AF2DD00EC609A /* Tip  CalculatorTests */ = {
			isa = PBXNativeTarget;
			buildConfigurationList = D15EDEF2277AF2DD00EC609A /* Build configuration list for PBXNativeTarget "Tip  CalculatorTests" */;
			buildPhases = (
				D15EDED7277AF2DD00EC609A /* Sources */,
				D15EDED8277AF2DD00EC609A /* Frameworks */,
				D15EDED9277AF2DD00EC609A /* Resources */,
			);
			buildRules = (
			);
			dependencies = (
				D15EDEDD277AF2DD00EC609A /* PBXTargetDependency */,
			);
			name = "Tip  CalculatorTests";
			productName = "Tip  CalculatorTests";
			productReference = D15EDEDB277AF2DD00EC609A /* Tip  CalculatorTests.xctest */;
			productType = "com.apple.product-type.bundle.unit-test";
		};
		D15EDEE4277AF2DD00EC609A /* Tip  CalculatorUITests */ = {
			isa = PBXNativeTarget;
			buildConfigurationList = D15EDEF5277AF2DD00EC609A /* Build configuration list for PBXNativeTarget "Tip  CalculatorUITests" */;
			buildPhases = (
				D15EDEE1277AF2DD00EC609A /* Sources */,
				D15EDEE2277AF2DD00EC609A /* Frameworks */,
				D15EDEE3277AF2DD00EC609A /* Resources */,
			);
			buildRules = (
			);
			dependencies = (
				D15EDEE7277AF2DD00EC609A /* PBXTargetDependency */,
			);
			name = "Tip  CalculatorUITests";
			productName = "Tip  CalculatorUITests";
			productReference = D15EDEE5277AF2DD00EC609A /* Tip  CalculatorUITests.xctest */;
			productType = "com.apple.product-type.bundle.ui-testing";
		};
/* End PBXNativeTarget section */

/* Begin PBXProject section */
		D15EDEBD277AF2DA00EC609A /* Project object */ = {
			isa = PBXProject;
			attributes = {
				BuildIndependentTargetsInParallel = 1;
				LastSwiftUpdateCheck = 1320;
				LastUpgradeCheck = 1320;
				TargetAttributes = {
					D15EDEC4277AF2DA00EC609A = {
						CreatedOnToolsVersion = 13.2.1;
					};
					D15EDEDA277AF2DD00EC609A = {
						CreatedOnToolsVersion = 13.2.1;
						TestTargetID = D15EDEC4277AF2DA00EC609A;
					};
					D15EDEE4277AF2DD00EC609A = {
						CreatedOnToolsVersion = 13.2.1;
						TestTargetID = D15EDEC4277AF2DA00EC609A;
					};
				};
			};
			buildConfigurationList = D15EDEC0277AF2DA00EC609A /* Build configuration list for PBXProject "Tip  Calculator" */;
			compatibilityVersion = "Xcode 13.0";
			developmentRegion = en;
			hasScannedForEncodings = 0;
			knownRegions = (
				en,
				Base,
			);
			mainGroup = D15EDEBC277AF2DA00EC609A;
			productRefGroup = D15EDEC6277AF2DA00EC609A /* Products */;
			projectDirPath = "";
			projectRoot = "";
			targets = (
				D15EDEC4277AF2DA00EC609A /* Tip  Calculator */,
				D15EDEDA277AF2DD00EC609A /* Tip  CalculatorTests */,
				D15EDEE4277AF2DD00EC609A /* Tip  CalculatorUITests */,
			);
		};
/* End PBXProject section */

/* Begin PBXResourcesBuildPhase section */
		D15EDEC3277AF2DA00EC609A /* Resources */ = {
			isa = PBXResourcesBuildPhase;
			buildActionMask = 2147483647;
			files = (
				D15EDED5277AF2DD00EC609A /* LaunchScreen.storyboard in Resources */,
				D15EDED2277AF2DD00EC609A /* Assets.xcassets in Resources */,
				D15EDED0277AF2DA00EC609A /* Main.storyboard in Resources */,
			);
			runOnlyForDeploymentPostprocessing = 0;
		};
		D15EDED9277AF2DD00EC609A /* Resources */ = {
			isa = PBXResourcesBuildPhase;
			buildActionMask = 2147483647;
			files = (
			);
			runOnlyForDeploymentPostprocessing = 0;
		};
		D15EDEE3277AF2DD00EC609A /* Resources */ = {
			isa = PBXResourcesBuildPhase;
			buildActionMask = 2147483647;
			files = (
				D122FD872786399500DAEE2F /* readme.md in Resources */,
				D122FD852786359800DAEE2F /* Screen Recording 2022-01-05 at 3.14.15 PM (1).gif in Resources */,
			);
			runOnlyForDeploymentPostprocessing = 0;
		};
/* End PBXResourcesBuildPhase section */

/* Begin PBXSourcesBuildPhase section */
		D15EDEC1277AF2DA00EC609A /* Sources */ = {
			isa = PBXSourcesBuildPhase;
			buildActionMask = 2147483647;
			files = (
				D15EDECD277AF2DA00EC609A /* ViewController.swift in Sources */,
				D15EDEC9277AF2DA00EC609A /* AppDelegate.swift in Sources */,
				D15EDECB277AF2DA00EC609A /* SceneDelegate.swift in Sources */,
				D15EDEF9277B03BD00EC609A /* SettingsViewController.swift in Sources */,
			);
			runOnlyForDeploymentPostprocessing = 0;
		};
		D15EDED7277AF2DD00EC609A /* Sources */ = {
			isa = PBXSourcesBuildPhase;
			buildActionMask = 2147483647;
			files = (
				D15EDEE0277AF2DD00EC609A /* Tip__CalculatorTests.swift in Sources */,
			);
			runOnlyForDeploymentPostprocessing = 0;
		};
		D15EDEE1277AF2DD00EC609A /* Sources */ = {
			isa = PBXSourcesBuildPhase;
			buildActionMask = 2147483647;
			files = (
				D15EDEEC277AF2DD00EC609A /* Tip__CalculatorUITestsLaunchTests.swift in Sources */,
				D15EDEEA277AF2DD00EC609A /* Tip__CalculatorUITests.swift in Sources */,
			);
			runOnlyForDeploymentPostprocessing = 0;
		};
/* End PBXSourcesBuildPhase section */

/* Begin PBXTargetDependency section */
		D15EDEDD277AF2DD00EC609A /* PBXTargetDependency */ = {
			isa = PBXTargetDependency;
			target = D15EDEC4277AF2DA00EC609A /* Tip  Calculator */;
			targetProxy = D15EDEDC277AF2DD00EC609A /* PBXContainerItemProxy */;
		};
		D15EDEE7277AF2DD00EC609A /* PBXTargetDependency */ = {
			isa = PBXTargetDependency;
			target = D15EDEC4277AF2DA00EC609A /* Tip  Calculator */;
			targetProxy = D15EDEE6277AF2DD00EC609A /* PBXContainerItemProxy */;
		};
/* End PBXTargetDependency section */

/* Begin PBXVariantGroup section */
		D15EDECE277AF2DA00EC609A /* Main.storyboard */ = {
			isa = PBXVariantGroup;
			children = (
				D15EDECF277AF2DA00EC609A /* Base */,
			);
			name = Main.storyboard;
			sourceTree = "<group>";
		};
		D15EDED3277AF2DD00EC609A /* LaunchScreen.storyboard */ = {
			isa = PBXVariantGroup;
			children = (
				D15EDED4277AF2DD00EC609A /* Base */,
			);
			name = LaunchScreen.storyboard;
			sourceTree = "<group>";
		};
/* End PBXVariantGroup section */

/* Begin XCBuildConfiguration section */
		D15EDEED277AF2DD00EC609A /* Debug */ = {
			isa = XCBuildConfiguration;
			buildSettings = {
				ALWAYS_SEARCH_USER_PATHS = NO;
				CLANG_ANALYZER_NONNULL = YES;
				CLANG_ANALYZER_NUMBER_OBJECT_CONVERSION = YES_AGGRESSIVE;
				CLANG_CXX_LANGUAGE_STANDARD = "gnu++17";
				CLANG_CXX_LIBRARY = "libc++";
				CLANG_ENABLE_MODULES = YES;
				CLANG_ENABLE_OBJC_ARC = YES;
				CLANG_ENABLE_OBJC_WEAK = YES;
				CLANG_WARN_BLOCK_CAPTURE_AUTORELEASING = YES;
				CLANG_WARN_BOOL_CONVERSION = YES;
				CLANG_WARN_COMMA = YES;
				CLANG_WARN_CONSTANT_CONVERSION = YES;
				CLANG_WARN_DEPRECATED_OBJC_IMPLEMENTATIONS = YES;
				CLANG_WARN_DIRECT_OBJC_ISA_USAGE = YES_ERROR;
				CLANG_WARN_DOCUMENTATION_COMMENTS = YES;
				CLANG_WARN_EMPTY_BODY = YES;
				CLANG_WARN_ENUM_CONVERSION = YES;
				CLANG_WARN_INFINITE_RECURSION = YES;
				CLANG_WARN_INT_CONVERSION = YES;
				CLANG_WARN_NON_LITERAL_NULL_CONVERSION = YES;
				CLANG_WARN_OBJC_IMPLICIT_RETAIN_SELF = YES;
				CLANG_WARN_OBJC_LITERAL_CONVERSION = YES;
				CLANG_WARN_OBJC_ROOT_CLASS = YES_ERROR;
				CLANG_WARN_QUOTED_INCLUDE_IN_FRAMEWORK_HEADER = YES;
				CLANG_WARN_RANGE_LOOP_ANALYSIS = YES;
				CLANG_WARN_STRICT_PROTOTYPES = YES;
				CLANG_WARN_SUSPICIOUS_MOVE = YES;
				CLANG_WARN_UNGUARDED_AVAILABILITY = YES_AGGRESSIVE;
				CLANG_WARN_UNREACHABLE_CODE = YES;
				CLANG_WARN__DUPLICATE_METHOD_MATCH = YES;
				COPY_PHASE_STRIP = NO;
				DEBUG_INFORMATION_FORMAT = dwarf;
				ENABLE_STRICT_OBJC_MSGSEND = YES;
				ENABLE_TESTABILITY = YES;
				GCC_C_LANGUAGE_STANDARD = gnu11;
				GCC_DYNAMIC_NO_PIC = NO;
				GCC_NO_COMMON_BLOCKS = YES;
				GCC_OPTIMIZATION_LEVEL = 0;
				GCC_PREPROCESSOR_DEFINITIONS = (
					"DEBUG=1",
					"$(inherited)",
				);
				GCC_WARN_64_TO_32_BIT_CONVERSION = YES;
				GCC_WARN_ABOUT_RETURN_TYPE = YES_ERROR;
				GCC_WARN_UNDECLARED_SELECTOR = YES;
				GCC_WARN_UNINITIALIZED_AUTOS = YES_AGGRESSIVE;
				GCC_WARN_UNUSED_FUNCTION = YES;
				GCC_WARN_UNUSED_VARIABLE = YES;
				IPHONEOS_DEPLOYMENT_TARGET = 15.2;
				MTL_ENABLE_DEBUG_INFO = INCLUDE_SOURCE;
				MTL_FAST_MATH = YES;
				ONLY_ACTIVE_ARCH = YES;
				SDKROOT = iphoneos;
				SWIFT_ACTIVE_COMPILATION_CONDITIONS = DEBUG;
				SWIFT_OPTIMIZATION_LEVEL = "-Onone";
			};
			name = Debug;
		};
		D15EDEEE277AF2DD00EC609A /* Release */ = {
			isa = XCBuildConfiguration;
			buildSettings = {
				ALWAYS_SEARCH_USER_PATHS = NO;
				CLANG_ANALYZER_NONNULL = YES;
				CLANG_ANALYZER_NUMBER_OBJECT_CONVERSION = YES_AGGRESSIVE;
				CLANG_CXX_LANGUAGE_STANDARD = "gnu++17";
				CLANG_CXX_LIBRARY = "libc++";
				CLANG_ENABLE_MODULES = YES;
				CLANG_ENABLE_OBJC_ARC = YES;
				CLANG_ENABLE_OBJC_WEAK = YES;
				CLANG_WARN_BLOCK_CAPTURE_AUTORELEASING = YES;
				CLANG_WARN_BOOL_CONVERSION = YES;
				CLANG_WARN_COMMA = YES;
				CLANG_WARN_CONSTANT_CONVERSION = YES;
				CLANG_WARN_DEPRECATED_OBJC_IMPLEMENTATIONS = YES;
				CLANG_WARN_DIRECT_OBJC_ISA_USAGE = YES_ERROR;
				CLANG_WARN_DOCUMENTATION_COMMENTS = YES;
				CLANG_WARN_EMPTY_BODY = YES;
				CLANG_WARN_ENUM_CONVERSION = YES;
				CLANG_WARN_INFINITE_RECURSION = YES;
				CLANG_WARN_INT_CONVERSION = YES;
				CLANG_WARN_NON_LITERAL_NULL_CONVERSION = YES;
				CLANG_WARN_OBJC_IMPLICIT_RETAIN_SELF = YES;
				CLANG_WARN_OBJC_LITERAL_CONVERSION = YES;
				CLANG_WARN_OBJC_ROOT_CLASS = YES_ERROR;
				CLANG_WARN_QUOTED_INCLUDE_IN_FRAMEWORK_HEADER = YES;
				CLANG_WARN_RANGE_LOOP_ANALYSIS = YES;
				CLANG_WARN_STRICT_PROTOTYPES = YES;
				CLANG_WARN_SUSPICIOUS_MOVE = YES;
				CLANG_WARN_UNGUARDED_AVAILABILITY = YES_AGGRESSIVE;
				CLANG_WARN_UNREACHABLE_CODE = YES;
				CLANG_WARN__DUPLICATE_METHOD_MATCH = YES;
				COPY_PHASE_STRIP = NO;
				DEBUG_INFORMATION_FORMAT = "dwarf-with-dsym";
				ENABLE_NS_ASSERTIONS = NO;
				ENABLE_STRICT_OBJC_MSGSEND = YES;
				GCC_C_LANGUAGE_STANDARD = gnu11;
				GCC_NO_COMMON_BLOCKS = YES;
				GCC_WARN_64_TO_32_BIT_CONVERSION = YES;
				GCC_WARN_ABOUT_RETURN_TYPE = YES_ERROR;
				GCC_WARN_UNDECLARED_SELECTOR = YES;
				GCC_WARN_UNINITIALIZED_AUTOS = YES_AGGRESSIVE;
				GCC_WARN_UNUSED_FUNCTION = YES;
				GCC_WARN_UNUSED_VARIABLE = YES;
				IPHONEOS_DEPLOYMENT_TARGET = 15.2;
				MTL_ENABLE_DEBUG_INFO = NO;
				MTL_FAST_MATH = YES;
				SDKROOT = iphoneos;
				SWIFT_COMPILATION_MODE = wholemodule;
				SWIFT_OPTIMIZATION_LEVEL = "-O";
				VALIDATE_PRODUCT = YES;
			};
			name = Release;
		};
		D15EDEF0277AF2DD00EC609A /* Debug */ = {
			isa = XCBuildConfiguration;
			buildSettings = {
				ASSETCATALOG_COMPILER_APPICON_NAME = AppIcon;
				ASSETCATALOG_COMPILER_GLOBAL_ACCENT_COLOR_NAME = AccentColor;
				CODE_SIGN_STYLE = Automatic;
				CURRENT_PROJECT_VERSION = 1;
				GENERATE_INFOPLIST_FILE = YES;
				INFOPLIST_FILE = "Tip  Calculator/Info.plist";
				INFOPLIST_KEY_UIApplicationSupportsIndirectInputEvents = YES;
				INFOPLIST_KEY_UILaunchStoryboardName = LaunchScreen;
				INFOPLIST_KEY_UIMainStoryboardFile = Main;
				INFOPLIST_KEY_UISupportedInterfaceOrientations_iPad = "UIInterfaceOrientationPortrait UIInterfaceOrientationPortraitUpsideDown UIInterfaceOrientationLandscapeLeft UIInterfaceOrientationLandscapeRight";
				INFOPLIST_KEY_UISupportedInterfaceOrientations_iPhone = "UIInterfaceOrientationPortrait UIInterfaceOrientationLandscapeLeft UIInterfaceOrientationLandscapeRight";
				LD_RUNPATH_SEARCH_PATHS = (
					"$(inherited)",
					"@executable_path/Frameworks",
				);
				MARKETING_VERSION = 1.0;
				PRODUCT_BUNDLE_IDENTIFIER = "memo.com.Tip--Calculator";
				PRODUCT_NAME = "$(TARGET_NAME)";
				SWIFT_EMIT_LOC_STRINGS = YES;
				SWIFT_VERSION = 5.0;
				TARGETED_DEVICE_FAMILY = "1,2";
			};
			name = Debug;
		};
		D15EDEF1277AF2DD00EC609A /* Release */ = {
			isa = XCBuildConfiguration;
			buildSettings = {
				ASSETCATALOG_COMPILER_APPICON_NAME = AppIcon;
				ASSETCATALOG_COMPILER_GLOBAL_ACCENT_COLOR_NAME = AccentColor;
				CODE_SIGN_STYLE = Automatic;
				CURRENT_PROJECT_VERSION = 1;
				GENERATE_INFOPLIST_FILE = YES;
				INFOPLIST_FILE = "Tip  Calculator/Info.plist";
				INFOPLIST_KEY_UIApplicationSupportsIndirectInputEvents = YES;
				INFOPLIST_KEY_UILaunchStoryboardName = LaunchScreen;
				INFOPLIST_KEY_UIMainStoryboardFile = Main;
				INFOPLIST_KEY_UISupportedInterfaceOrientations_iPad = "UIInterfaceOrientationPortrait UIInterfaceOrientationPortraitUpsideDown UIInterfaceOrientationLandscapeLeft UIInterfaceOrientationLandscapeRight";
				INFOPLIST_KEY_UISupportedInterfaceOrientations_iPhone = "UIInterfaceOrientationPortrait UIInterfaceOrientationLandscapeLeft UIInterfaceOrientationLandscapeRight";
				LD_RUNPATH_SEARCH_PATHS = (
					"$(inherited)",
					"@executable_path/Frameworks",
				);
				MARKETING_VERSION = 1.0;
				PRODUCT_BUNDLE_IDENTIFIER = "memo.com.Tip--Calculator";
				PRODUCT_NAME = "$(TARGET_NAME)";
				SWIFT_EMIT_LOC_STRINGS = YES;
				SWIFT_VERSION = 5.0;
				TARGETED_DEVICE_FAMILY = "1,2";
			};
			name = Release;
		};
		D15EDEF3277AF2DD00EC609A /* Debug */ = {
			isa = XCBuildConfiguration;
			buildSettings = {
				ALWAYS_EMBED_SWIFT_STANDARD_LIBRARIES = YES;
				BUNDLE_LOADER = "$(TEST_HOST)";
				CODE_SIGN_STYLE = Automatic;
				CURRENT_PROJECT_VERSION = 1;
				GENERATE_INFOPLIST_FILE = YES;
				IPHONEOS_DEPLOYMENT_TARGET = 15.2;
				MARKETING_VERSION = 1.0;
				PRODUCT_BUNDLE_IDENTIFIER = "memo.com.Tip--CalculatorTests";
				PRODUCT_NAME = "$(TARGET_NAME)";
				SWIFT_EMIT_LOC_STRINGS = NO;
				SWIFT_VERSION = 5.0;
				TARGETED_DEVICE_FAMILY = "1,2";
				TEST_HOST = "$(BUILT_PRODUCTS_DIR)/Tip  Calculator.app/Tip  Calculator";
			};
			name = Debug;
		};
		D15EDEF4277AF2DD00EC609A /* Release */ = {
			isa = XCBuildConfiguration;
			buildSettings = {
				ALWAYS_EMBED_SWIFT_STANDARD_LIBRARIES = YES;
				BUNDLE_LOADER = "$(TEST_HOST)";
				CODE_SIGN_STYLE = Automatic;
				CURRENT_PROJECT_VERSION = 1;
				GENERATE_INFOPLIST_FILE = YES;
				IPHONEOS_DEPLOYMENT_TARGET = 15.2;
				MARKETING_VERSION = 1.0;
				PRODUCT_BUNDLE_IDENTIFIER = "memo.com.Tip--CalculatorTests";
				PRODUCT_NAME = "$(TARGET_NAME)";
				SWIFT_EMIT_LOC_STRINGS = NO;
				SWIFT_VERSION = 5.0;
				TARGETED_DEVICE_FAMILY = "1,2";
				TEST_HOST = "$(BUILT_PRODUCTS_DIR)/Tip  Calculator.app/Tip  Calculator";
			};
			name = Release;
		};
		D15EDEF6277AF2DD00EC609A /* Debug */ = {
			isa = XCBuildConfiguration;
			buildSettings = {
				ALWAYS_EMBED_SWIFT_STANDARD_LIBRARIES = YES;
				CODE_SIGN_STYLE = Automatic;
				CURRENT_PROJECT_VERSION = 1;
				GENERATE_INFOPLIST_FILE = YES;
				MARKETING_VERSION = 1.0;
				PRODUCT_BUNDLE_IDENTIFIER = "memo.com.Tip--CalculatorUITests";
				PRODUCT_NAME = "$(TARGET_NAME)";
				SWIFT_EMIT_LOC_STRINGS = NO;
				SWIFT_VERSION = 5.0;
				TARGETED_DEVICE_FAMILY = "1,2";
				TEST_TARGET_NAME = "Tip  Calculator";
			};
			name = Debug;
		};
		D15EDEF7277AF2DD00EC609A /* Release */ = {
			isa = XCBuildConfiguration;
			buildSettings = {
				ALWAYS_EMBED_SWIFT_STANDARD_LIBRARIES = YES;
				CODE_SIGN_STYLE = Automatic;
				CURRENT_PROJECT_VERSION = 1;
				GENERATE_INFOPLIST_FILE = YES;
				MARKETING_VERSION = 1.0;
				PRODUCT_BUNDLE_IDENTIFIER = "memo.com.Tip--CalculatorUITests";
				PRODUCT_NAME = "$(TARGET_NAME)";
				SWIFT_EMIT_LOC_STRINGS = NO;
				SWIFT_VERSION = 5.0;
				TARGETED_DEVICE_FAMILY = "1,2";
				TEST_TARGET_NAME = "Tip  Calculator";
			};
			name = Release;
		};
/* End XCBuildConfiguration section */

/* Begin XCConfigurationList section */
		D15EDEC0277AF2DA00EC609A /* Build configuration list for PBXProject "Tip  Calculator" */ = {
			isa = XCConfigurationList;
			buildConfigurations = (
				D15EDEED277AF2DD00EC609A /* Debug */,
				D15EDEEE277AF2DD00EC609A /* Release */,
			);
			defaultConfigurationIsVisible = 0;
			defaultConfigurationName = Release;
		};
		D15EDEEF277AF2DD00EC609A /* Build configuration list for PBXNativeTarget "Tip  Calculator" */ = {
			isa = XCConfigurationList;
			buildConfigurations = (
				D15EDEF0277AF2DD00EC609A /* Debug */,
				D15EDEF1277AF2DD00EC609A /* Release */,
			);
			defaultConfigurationIsVisible = 0;
			defaultConfigurationName = Release;
		};
		D15EDEF2277AF2DD00EC609A /* Build configuration list for PBXNativeTarget "Tip  CalculatorTests" */ = {
			isa = XCConfigurationList;
			buildConfigurations = (
				D15EDEF3277AF2DD00EC609A /* Debug */,
				D15EDEF4277AF2DD00EC609A /* Release */,
			);
			defaultConfigurationIsVisible = 0;
			defaultConfigurationName = Release;
		};
		D15EDEF5277AF2DD00EC609A /* Build configuration list for PBXNativeTarget "Tip  CalculatorUITests" */ = {
			isa = XCConfigurationList;
			buildConfigurations = (
				D15EDEF6277AF2DD00EC609A /* Debug */,
				D15EDEF7277AF2DD00EC609A /* Release */,
			);
			defaultConfigurationIsVisible = 0;
			defaultConfigurationName = Release;
		};
/* End XCConfigurationList section */
	};
	rootObject = D15EDEBD277AF2DA00EC609A /* Project object */;
}
